
Microsoft Visual Studio Solution File, Format Version 12.00
# Visual Studio Version 17
VisualStudioVersion = 17.7.34221.43
MinimumVisualStudioVersion = 10.0.40219.1
Project("{9A19103F-16F7-4668-BE54-9A1E7A4F7556}") = "PrngOracle", "PrngOracle\PrngOracle.csproj", "{8BB1FE75-A47A-493F-AD64-AF099CD94C38}"
EndProject
Global
	GlobalSection(SolutionConfigurationPlatforms) = preSolution
		Debug|Any CPU = Debug|Any CPU
		Release|Any CPU = Release|Any CPU
	EndGlobalSection
	GlobalSection(ProjectConfigurationPlatforms) = postSolution
		{8BB1FE75-A47A-493F-AD64-AF099CD94C38}.Debug|Any CPU.ActiveCfg = Debug|Any CPU
		{8BB1FE75-A47A-493F-AD64-AF099CD94C38}.Debug|Any CPU.Build.0 = Debug|Any CPU
		{8BB1FE75-A47A-493F-AD64-AF099CD94C38}.Release|Any CPU.ActiveCfg = Release|Any CPU
		{8BB1FE75-A47A-493F-AD64-AF099CD94C38}.Release|Any CPU.Build.0 = Release|Any CPU
	EndGlobalSection
	GlobalSection(SolutionProperties) = preSolution
		HideSolutionNode = FALSE
	EndGlobalSection
	GlobalSection(ExtensibilityGlobals) = postSolution
		SolutionGuid = {1FE770BB-795A-4FE0-BB18-F7F14D161482}
	EndGlobalSection
EndGlobal
